
Microsoft Visual Studio Solution File, Format Version 12.00
# Visual Studio Version 17
VisualStudioVersion = 17.14.36616.10 d17.14
MinimumVisualStudioVersion = 10.0.40219.1
Project("{FAE04EC0-301F-11D3-BF4B-00C04F79EFBC}") = "TodoApp", "TodoApp.csproj", "{CBBD24BA-41CE-4F99-B966-B292C2FBE658}"
EndProject
Global
	GlobalSection(SolutionConfigurationPlatforms) = preSolution
		Debug|Any CPU = Debug|Any CPU
		Release|Any CPU = Release|Any CPU
	EndGlobalSection
	GlobalSection(ProjectConfigurationPlatforms) = postSolution
		{CBBD24BA-41CE-4F99-B966-B292C2FBE658}.Debug|Any CPU.ActiveCfg = Debug|Any CPU
		{CBBD24BA-41CE-4F99-B966-B292C2FBE658}.Debug|Any CPU.Build.0 = Debug|Any CPU
		{CBBD24BA-41CE-4F99-B966-B292C2FBE658}.Release|Any CPU.ActiveCfg = Release|Any CPU
		{CBBD24BA-41CE-4F99-B966-B292C2FBE658}.Release|Any CPU.Build.0 = Release|Any CPU
	EndGlobalSection
	GlobalSection(SolutionProperties) = preSolution
		HideSolutionNode = FALSE
	EndGlobalSection
	GlobalSection(ExtensibilityGlobals) = postSolution
		SolutionGuid = {49E4EDA0-C4F3-4D3D-9467-564DF6E0BDAF}
	EndGlobalSection
EndGlobal
